
Microsoft Visual Studio Solution File, Format Version 12.00
# Visual Studio Version 17
VisualStudioVersion = 17.3.32901.215
MinimumVisualStudioVersion = 10.0.40219.1
Project("{FAE04EC0-301F-11D3-BF4B-00C04F79EFBC}") = "Assignment1", "Assignment1\Assignment1.csproj", "{8DDFE194-61BF-4C7A-9C03-F17835003373}"
EndProject
Global
	GlobalSection(SolutionConfigurationPlatforms) = preSolution
		Debug|Any CPU = Debug|Any CPU
		Release|Any CPU = Release|Any CPU
	EndGlobalSection
	GlobalSection(ProjectConfigurationPlatforms) = postSolution
		{8DDFE194-61BF-4C7A-9C03-F17835003373}.Debug|Any CPU.ActiveCfg = Debug|Any CPU
		{8DDFE194-61BF-4C7A-9C03-F17835003373}.Debug|Any CPU.Build.0 = Debug|Any CPU
		{8DDFE194-61BF-4C7A-9C03-F17835003373}.Release|Any CPU.ActiveCfg = Release|Any CPU
		{8DDFE194-61BF-4C7A-9C03-F17835003373}.Release|Any CPU.Build.0 = Release|Any CPU
	EndGlobalSection
	GlobalSection(SolutionProperties) = preSolution
		HideSolutionNode = FALSE
	EndGlobalSection
	GlobalSection(ExtensibilityGlobals) = postSolution
		SolutionGuid = {D5D7AB5B-9CDE-412F-AC4E-41ABE788F187}
	EndGlobalSection
EndGlobal
